
Microsoft Visual Studio Solution File, Format Version 12.00
# Visual Studio Version 17
VisualStudioVersion = 17.14.36203.30 d17.14
MinimumVisualStudioVersion = 10.0.40219.1
Project("{FAE04EC0-301F-11D3-BF4B-00C04F79EFBC}") = "GALANG_LABACT1_202NS", "GALANG_LABACT1_202NS\GALANG_LABACT1_202NS.csproj", "{4D5682D8-3BB1-42D1-9760-E510D626F9E0}"
EndProject
Global
	GlobalSection(SolutionConfigurationPlatforms) = preSolution
		Debug|Any CPU = Debug|Any CPU
		Release|Any CPU = Release|Any CPU
	EndGlobalSection
	GlobalSection(ProjectConfigurationPlatforms) = postSolution
		{4D5682D8-3BB1-42D1-9760-E510D626F9E0}.Debug|Any CPU.ActiveCfg = Debug|Any CPU
		{4D5682D8-3BB1-42D1-9760-E510D626F9E0}.Debug|Any CPU.Build.0 = Debug|Any CPU
		{4D5682D8-3BB1-42D1-9760-E510D626F9E0}.Release|Any CPU.ActiveCfg = Release|Any CPU
		{4D5682D8-3BB1-42D1-9760-E510D626F9E0}.Release|Any CPU.Build.0 = Release|Any CPU
	EndGlobalSection
	GlobalSection(SolutionProperties) = preSolution
		HideSolutionNode = FALSE
	EndGlobalSection
	GlobalSection(ExtensibilityGlobals) = postSolution
		SolutionGuid = {A1E88859-673A-4762-9849-6917D34E2502}
	EndGlobalSection
EndGlobal
